{
  "version": "5",
  "specifiers": {
    "npm:@supabase/supabase-js@2": "2.75.0"
  },
  "npm": {
    "@supabase/auth-js@2.75.0": {
      "integrity": "sha512-J8TkeqCOMCV4KwGKVoxmEBuDdHRwoInML2vJilthOo7awVCro2SM+tOcpljORwuBQ1vHUtV62Leit+5wlxrNtw==",
      "dependencies": [
        "@supabase/node-fetch"
      ]
    },
    "@supabase/functions-js@2.75.0": {
      "integrity": "sha512-18yk07Moj/xtQ28zkqswxDavXC3vbOwt1hDuYM3/7xPnwwpKnsmPyZ7bQ5th4uqiJzQ135t74La9tuaxBR6e7w==",
      "dependencies": [
        "@supabase/node-fetch"
      ]
    },
    "@supabase/node-fetch@2.6.15": {
      "integrity": "sha512-1ibVeYUacxWYi9i0cf5efil6adJ9WRyZBLivgjs+AUpewx1F3xPi7gLgaASI2SmIQxPoCEjAsLAzKPgMJVgOUQ==",
      "dependencies": [
        "whatwg-url"
      ]
    },
    "@supabase/postgrest-js@2.75.0": {
      "integrity": "sha512-YfBz4W/z7eYCFyuvHhfjOTTzRrQIvsMG2bVwJAKEVVUqGdzqfvyidXssLBG0Fqlql1zJFgtsPpK1n4meHrI7tg==",
      "dependencies": [
        "@supabase/node-fetch"
      ]
    },
    "@supabase/realtime-js@2.75.0": {
      "integrity": "sha512-B4Xxsf2NHd5cEnM6MGswOSPSsZKljkYXpvzKKmNxoUmNQOfB7D8HOa6NwHcUBSlxcjV+vIrYKcYXtavGJqeGrw==",
      "dependencies": [
        "@supabase/node-fetch",
        "@types/phoenix",
        "@types/ws",
        "ws"
      ]
    },
    "@supabase/storage-js@2.75.0": {
      "integrity": "sha512-wpJMYdfFDckDiHQaTpK+Ib14N/O2o0AAWWhguKvmmMurB6Unx17GGmYp5rrrqCTf8S1qq4IfIxTXxS4hzrUySg==",
      "dependencies": [
        "@supabase/node-fetch"
      ]
    },
    "@supabase/supabase-js@2.75.0": {
      "integrity": "sha512-8UN/vATSgS2JFuJlMVr51L3eUDz+j1m7Ww63wlvHLKULzCDaVWYzvacCjBTLW/lX/vedI2LBI4Vg+01G9ufsJQ==",
      "dependencies": [
        "@supabase/auth-js",
        "@supabase/functions-js",
        "@supabase/node-fetch",
        "@supabase/postgrest-js",
        "@supabase/realtime-js",
        "@supabase/storage-js"
      ]
    },
    "@types/node@24.2.0": {
      "integrity": "sha512-3xyG3pMCq3oYCNg7/ZP+E1ooTaGB4cG8JWRsqqOYQdbWNY4zbaV0Ennrd7stjiJEFZCaybcIgpTjJWHRfBSIDw==",
      "dependencies": [
        "undici-types"
      ]
    },
    "@types/phoenix@1.6.6": {
      "integrity": "sha512-PIzZZlEppgrpoT2QgbnDU+MMzuR6BbCjllj0bM70lWoejMeNJAxCchxnv7J3XFkI8MpygtRpzXrIlmWUBclP5A=="
    },
    "@types/ws@8.18.1": {
      "integrity": "sha512-ThVF6DCVhA8kUGy+aazFQ4kXQ7E1Ty7A3ypFOe0IcJV8O/M511G99AW24irKrW56Wt44yG9+ij8FaqoBGkuBXg==",
      "dependencies": [
        "@types/node"
      ]
    },
    "tr46@0.0.3": {
      "integrity": "sha512-N3WMsuqV66lT30CrXNbEjx4GEwlow3v6rr4mCcv6prnfwhS01rkgyFdjPNBYd9br7LpXV1+Emh01fHnq2Gdgrw=="
    },
    "undici-types@7.10.0": {
      "integrity": "sha512-t5Fy/nfn+14LuOc2KNYg75vZqClpAiqscVvMygNnlsHBFpSXdJaYtXMcdNLpl/Qvc3P2cB3s6lOV51nqsFq4ag=="
    },
    "webidl-conversions@3.0.1": {
      "integrity": "sha512-2JAn3z8AR6rjK8Sm8orRC0h/bcl/DqL7tRPdGZ4I1CjdF+EaMLmYxBHyXuKL849eucPFhvBoxMsflfOb8kxaeQ=="
    },
    "whatwg-url@5.0.0": {
      "integrity": "sha512-saE57nupxk6v3HY35+jzBwYa0rKSy0XR8JSxZPwgLr7ys0IBzhGviA1/TUGJLmSVqs8pb9AnvICXEuOHLprYTw==",
      "dependencies": [
        "tr46",
        "webidl-conversions"
      ]
    },
    "ws@8.18.3": {
      "integrity": "sha512-PEIGCY5tSlUt50cqyMXfCzX+oOPqN0vuGqWzbcJ2xvnkzkq46oOpz7dQaTDBdfICb4N14+GARUDw2XV2N4tvzg=="
    }
  },
  "remote": {
    "https://esm.sh/yup@1.7.0": "be01b1ad6e30830fb8dcaca2d99256aef277355f92a7180990cbffe190e4c107"
  },
  "workspace": {
    "dependencies": [
      "jsr:@db/postgres@*",
      "npm:@supabase/supabase-js@2"
    ]
  }
}
